
Microsoft Visual Studio Solution File, Format Version 12.00
Project("{FAE04EC0-301F-11D3-BF4B-00C04F79EFBC}") = "Carbon.Logging", "Carbon.Logging\Carbon.Logging.csproj", "{8522691F-782F-45C0-9526-5548B70C26EA}"
EndProject
Project("{FAE04EC0-301F-11D3-BF4B-00C04F79EFBC}") = "Carbon.Logging.Tester", "Carbon.Logging.Tester\Carbon.Logging.Tester.csproj", "{1716367F-E6E0-476C-B2EB-55F24A083369}"
EndProject
Global
	GlobalSection(SolutionConfigurationPlatforms) = preSolution
		Debug|Any CPU = Debug|Any CPU
		Release|Any CPU = Release|Any CPU
	EndGlobalSection
	GlobalSection(ProjectConfigurationPlatforms) = postSolution
		{8522691F-782F-45C0-9526-5548B70C26EA}.Debug|Any CPU.ActiveCfg = Debug|Any CPU
		{8522691F-782F-45C0-9526-5548B70C26EA}.Debug|Any CPU.Build.0 = Debug|Any CPU
		{8522691F-782F-45C0-9526-5548B70C26EA}.Release|Any CPU.ActiveCfg = Release|Any CPU
		{8522691F-782F-45C0-9526-5548B70C26EA}.Release|Any CPU.Build.0 = Release|Any CPU
		{1716367F-E6E0-476C-B2EB-55F24A083369}.Debug|Any CPU.ActiveCfg = Debug|Any CPU
		{1716367F-E6E0-476C-B2EB-55F24A083369}.Debug|Any CPU.Build.0 = Debug|Any CPU
		{1716367F-E6E0-476C-B2EB-55F24A083369}.Release|Any CPU.ActiveCfg = Release|Any CPU
		{1716367F-E6E0-476C-B2EB-55F24A083369}.Release|Any CPU.Build.0 = Release|Any CPU
	EndGlobalSection
EndGlobal
